// !$*UTF8*$!
{
	archiveVersion = 1;
	classes = {
	};
	objectVersion = 50;
	objects = {

/* Begin PBXBuildFile section */
		611371B3210742FA004AAE7A /* AppDelegate.swift in Sources */ = {isa = PBXBuildFile; fileRef = 611371B2210742FA004AAE7A /* AppDelegate.swift */; };
		611371B5210742FA004AAE7A /* MainTableViewController.swift in Sources */ = {isa = PBXBuildFile; fileRef = 611371B4210742FA004AAE7A /* MainTableViewController.swift */; };
		611371B8210742FA004AAE7A /* Main.storyboard in Resources */ = {isa = PBXBuildFile; fileRef = 611371B6210742FA004AAE7A /* Main.storyboard */; };
		611371BB210742FA004AAE7A /* CitiesOfTheWorld.xcdatamodeld in Sources */ = {isa = PBXBuildFile; fileRef = 611371B9210742FA004AAE7A /* CitiesOfTheWorld.xcdatamodeld */; };
		611371BD210742FC004AAE7A /* Assets.xcassets in Resources */ = {isa = PBXBuildFile; fileRef = 611371BC210742FC004AAE7A /* Assets.xcassets */; };
		611371C0210742FC004AAE7A /* LaunchScreen.storyboard in Resources */ = {isa = PBXBuildFile; fileRef = 611371BE210742FC004AAE7A /* LaunchScreen.storyboard */; };
		611371DB21077CDF004AAE7A /* City+CoreDataClass.swift in Sources */ = {isa = PBXBuildFile; fileRef = 611371D921077CDF004AAE7A /* City+CoreDataClass.swift */; };
		611371DC21077CDF004AAE7A /* City+CoreDataProperties.swift in Sources */ = {isa = PBXBuildFile; fileRef = 611371DA21077CDF004AAE7A /* City+CoreDataProperties.swift */; };
		611371E121077D0D004AAE7A /* PagingInfo+CoreDataClass.swift in Sources */ = {isa = PBXBuildFile; fileRef = 611371DD21077D0D004AAE7A /* PagingInfo+CoreDataClass.swift */; };
		611371E221077D0D004AAE7A /* PagingInfo+CoreDataProperties.swift in Sources */ = {isa = PBXBuildFile; fileRef = 611371DE21077D0D004AAE7A /* PagingInfo+CoreDataProperties.swift */; };
		611371E321077D0D004AAE7A /* Country+CoreDataClass.swift in Sources */ = {isa = PBXBuildFile; fileRef = 611371DF21077D0D004AAE7A /* Country+CoreDataClass.swift */; };
		611371E421077D0D004AAE7A /* Country+CoreDataProperties.swift in Sources */ = {isa = PBXBuildFile; fileRef = 611371E021077D0D004AAE7A /* Country+CoreDataProperties.swift */; };
/* End PBXBuildFile section */

/* Begin PBXFileReference section */
		611371AF210742FA004AAE7A /* CitiesOfTheWorld.app */ = {isa = PBXFileReference; explicitFileType = wrapper.application; includeInIndex = 0; path = CitiesOfTheWorld.app; sourceTree = BUILT_PRODUCTS_DIR; };
		611371B2210742FA004AAE7A /* AppDelegate.swift */ = {isa = PBXFileReference; lastKnownFileType = sourcecode.swift; path = AppDelegate.swift; sourceTree = "<group>"; };
		611371B4210742FA004AAE7A /* MainTableViewController.swift */ = {isa = PBXFileReference; lastKnownFileType = sourcecode.swift; path = MainTableViewController.swift; sourceTree = "<group>"; };
		611371B7210742FA004AAE7A /* Base */ = {isa = PBXFileReference; lastKnownFileType = file.storyboard; name = Base; path = Base.lproj/Main.storyboard; sourceTree = "<group>"; };
		611371BA210742FA004AAE7A /* CitiesOfTheWorld.xcdatamodel */ = {isa = PBXFileReference; lastKnownFileType = wrapper.xcdatamodel; path = CitiesOfTheWorld.xcdatamodel; sourceTree = "<group>"; };
		611371BC210742FC004AAE7A /* Assets.xcassets */ = {isa = PBXFileReference; lastKnownFileType = folder.assetcatalog; path = Assets.xcassets; sourceTree = "<group>"; };
		611371BF210742FC004AAE7A /* Base */ = {isa = PBXFileReference; lastKnownFileType = file.storyboard; name = Base; path = Base.lproj/LaunchScreen.storyboard; sourceTree = "<group>"; };
		611371C1210742FC004AAE7A /* Info.plist */ = {isa = PBXFileReference; lastKnownFileType = text.plist.xml; path = Info.plist; sourceTree = "<group>"; };
		611371D921077CDF004AAE7A /* City+CoreDataClass.swift */ = {isa = PBXFileReference; lastKnownFileType = sourcecode.swift; path = "City+CoreDataClass.swift"; sourceTree = "<group>"; };
		611371DA21077CDF004AAE7A /* City+CoreDataProperties.swift */ = {isa = PBXFileReference; lastKnownFileType = sourcecode.swift; path = "City+CoreDataProperties.swift"; sourceTree = "<group>"; };
		611371DD21077D0D004AAE7A /* PagingInfo+CoreDataClass.swift */ = {isa = PBXFileReference; lastKnownFileType = sourcecode.swift; path = "PagingInfo+CoreDataClass.swift"; sourceTree = "<group>"; };
		611371DE21077D0D004AAE7A /* PagingInfo+CoreDataProperties.swift */ = {isa = PBXFileReference; lastKnownFileType = sourcecode.swift; path = "PagingInfo+CoreDataProperties.swift"; sourceTree = "<group>"; };
		611371DF21077D0D004AAE7A /* Country+CoreDataClass.swift */ = {isa = PBXFileReference; lastKnownFileType = sourcecode.swift; path = "Country+CoreDataClass.swift"; sourceTree = "<group>"; };
		611371E021077D0D004AAE7A /* Country+CoreDataProperties.swift */ = {isa = PBXFileReference; lastKnownFileType = sourcecode.swift; path = "Country+CoreDataProperties.swift"; sourceTree = "<group>"; };
/* End PBXFileReference section */

/* Begin PBXFrameworksBuildPhase section */
		611371AC210742FA004AAE7A /* Frameworks */ = {
			isa = PBXFrameworksBuildPhase;
			buildActionMask = 2147483647;
			files = (
			);
			runOnlyForDeploymentPostprocessing = 0;
		};
/* End PBXFrameworksBuildPhase section */

/* Begin PBXGroup section */
		611371A6210742FA004AAE7A = {
			isa = PBXGroup;
			children = (
				611371B1210742FA004AAE7A /* CitiesOfTheWorld */,
				611371B0210742FA004AAE7A /* Products */,
			);
			sourceTree = "<group>";
		};
		611371B0210742FA004AAE7A /* Products */ = {
			isa = PBXGroup;
			children = (
				611371AF210742FA004AAE7A /* CitiesOfTheWorld.app */,
			);
			name = Products;
			sourceTree = "<group>";
		};
		611371B1210742FA004AAE7A /* CitiesOfTheWorld */ = {
			isa = PBXGroup;
			children = (
				611371CA2107771F004AAE7A /* Utils */,
				611371C92107770E004AAE7A /* Model */,
				611371C7210776F8004AAE7A /* UI */,
				611371B2210742FA004AAE7A /* AppDelegate.swift */,
				611371BC210742FC004AAE7A /* Assets.xcassets */,
				611371BE210742FC004AAE7A /* LaunchScreen.storyboard */,
				611371C1210742FC004AAE7A /* Info.plist */,
				611371B9210742FA004AAE7A /* CitiesOfTheWorld.xcdatamodeld */,
			);
			path = CitiesOfTheWorld;
			sourceTree = "<group>";
		};
		611371C7210776F8004AAE7A /* UI */ = {
			isa = PBXGroup;
			children = (
				611371B4210742FA004AAE7A /* MainTableViewController.swift */,
				611371B6210742FA004AAE7A /* Main.storyboard */,
			);
			path = UI;
			sourceTree = "<group>";
		};
		611371C92107770E004AAE7A /* Model */ = {
			isa = PBXGroup;
			children = (
				611371D921077CDF004AAE7A /* City+CoreDataClass.swift */,
				611371DA21077CDF004AAE7A /* City+CoreDataProperties.swift */,
				611371DD21077D0D004AAE7A /* PagingInfo+CoreDataClass.swift */,
				611371DE21077D0D004AAE7A /* PagingInfo+CoreDataProperties.swift */,
				611371DF21077D0D004AAE7A /* Country+CoreDataClass.swift */,
				611371E021077D0D004AAE7A /* Country+CoreDataProperties.swift */,
			);
			path = Model;
			sourceTree = "<group>";
		};
		611371CA2107771F004AAE7A /* Utils */ = {
			isa = PBXGroup;
			children = (
			);
			path = Utils;
			sourceTree = "<group>";
		};
/* End PBXGroup section */

/* Begin PBXNativeTarget section */
		611371AE210742FA004AAE7A /* CitiesOfTheWorld */ = {
			isa = PBXNativeTarget;
			buildConfigurationList = 611371C4210742FC004AAE7A /* Build configuration list for PBXNativeTarget "CitiesOfTheWorld" */;
			buildPhases = (
				611371AB210742FA004AAE7A /* Sources */,
				611371AC210742FA004AAE7A /* Frameworks */,
				611371AD210742FA004AAE7A /* Resources */,
			);
			buildRules = (
			);
			dependencies = (
			);
			name = CitiesOfTheWorld;
			productName = CitiesOfTheWorld;
			productReference = 611371AF210742FA004AAE7A /* CitiesOfTheWorld.app */;
			productType = "com.apple.product-type.application";
		};
/* End PBXNativeTarget section */

/* Begin PBXProject section */
		611371A7210742FA004AAE7A /* Project object */ = {
			isa = PBXProject;
			attributes = {
				LastSwiftUpdateCheck = 0940;
				LastUpgradeCheck = 0940;
				ORGANIZATIONNAME = "Jorge Sirvent";
				TargetAttributes = {
					611371AE210742FA004AAE7A = {
						CreatedOnToolsVersion = 9.4.1;
					};
				};
			};
			buildConfigurationList = 611371AA210742FA004AAE7A /* Build configuration list for PBXProject "CitiesOfTheWorld" */;
			compatibilityVersion = "Xcode 9.3";
			developmentRegion = en;
			hasScannedForEncodings = 0;
			knownRegions = (
				en,
				Base,
			);
			mainGroup = 611371A6210742FA004AAE7A;
			productRefGroup = 611371B0210742FA004AAE7A /* Products */;
			projectDirPath = "";
			projectRoot = "";
			targets = (
				611371AE210742FA004AAE7A /* CitiesOfTheWorld */,
			);
		};
/* End PBXProject section */

/* Begin PBXResourcesBuildPhase section */
		611371AD210742FA004AAE7A /* Resources */ = {
			isa = PBXResourcesBuildPhase;
			buildActionMask = 2147483647;
			files = (
				611371C0210742FC004AAE7A /* LaunchScreen.storyboard in Resources */,
				611371BD210742FC004AAE7A /* Assets.xcassets in Resources */,
				611371B8210742FA004AAE7A /* Main.storyboard in Resources */,
			);
			runOnlyForDeploymentPostprocessing = 0;
		};
/* End PBXResourcesBuildPhase section */

/* Begin PBXSourcesBuildPhase section */
		611371AB210742FA004AAE7A /* Sources */ = {
			isa = PBXSourcesBuildPhase;
			buildActionMask = 2147483647;
			files = (
				611371E221077D0D004AAE7A /* PagingInfo+CoreDataProperties.swift in Sources */,
				611371DC21077CDF004AAE7A /* City+CoreDataProperties.swift in Sources */,
				611371DB21077CDF004AAE7A /* City+CoreDataClass.swift in Sources */,
				611371B5210742FA004AAE7A /* MainTableViewController.swift in Sources */,
				611371BB210742FA004AAE7A /* CitiesOfTheWorld.xcdatamodeld in Sources */,
				611371B3210742FA004AAE7A /* AppDelegate.swift in Sources */,
				611371E321077D0D004AAE7A /* Country+CoreDataClass.swift in Sources */,
				611371E121077D0D004AAE7A /* PagingInfo+CoreDataClass.swift in Sources */,
				611371E421077D0D004AAE7A /* Country+CoreDataProperties.swift in Sources */,
			);
			runOnlyForDeploymentPostprocessing = 0;
		};
/* End PBXSourcesBuildPhase section */

/* Begin PBXVariantGroup section */
		611371B6210742FA004AAE7A /* Main.storyboard */ = {
			isa = PBXVariantGroup;
			children = (
				611371B7210742FA004AAE7A /* Base */,
			);
			name = Main.storyboard;
			sourceTree = "<group>";
		};
		611371BE210742FC004AAE7A /* LaunchScreen.storyboard */ = {
			isa = PBXVariantGroup;
			children = (
				611371BF210742FC004AAE7A /* Base */,
			);
			name = LaunchScreen.storyboard;
			sourceTree = "<group>";
		};
/* End PBXVariantGroup section */

/* Begin XCBuildConfiguration section */
		611371C2210742FC004AAE7A /* Debug */ = {
			isa = XCBuildConfiguration;
			buildSettings = {
				ALWAYS_SEARCH_USER_PATHS = NO;
				CLANG_ANALYZER_NONNULL = YES;
				CLANG_ANALYZER_NUMBER_OBJECT_CONVERSION = YES_AGGRESSIVE;
				CLANG_CXX_LANGUAGE_STANDARD = "gnu++14";
				CLANG_CXX_LIBRARY = "libc++";
				CLANG_ENABLE_MODULES = YES;
				CLANG_ENABLE_OBJC_ARC = YES;
				CLANG_ENABLE_OBJC_WEAK = YES;
				CLANG_WARN_BLOCK_CAPTURE_AUTORELEASING = YES;
				CLANG_WARN_BOOL_CONVERSION = YES;
				CLANG_WARN_COMMA = YES;
				CLANG_WARN_CONSTANT_CONVERSION = YES;
				CLANG_WARN_DEPRECATED_OBJC_IMPLEMENTATIONS = YES;
				CLANG_WARN_DIRECT_OBJC_ISA_USAGE = YES_ERROR;
				CLANG_WARN_DOCUMENTATION_COMMENTS = YES;
				CLANG_WARN_EMPTY_BODY = YES;
				CLANG_WARN_ENUM_CONVERSION = YES;
				CLANG_WARN_INFINITE_RECURSION = YES;
				CLANG_WARN_INT_CONVERSION = YES;
				CLANG_WARN_NON_LITERAL_NULL_CONVERSION = YES;
				CLANG_WARN_OBJC_IMPLICIT_RETAIN_SELF = YES;
				CLANG_WARN_OBJC_LITERAL_CONVERSION = YES;
				CLANG_WARN_OBJC_ROOT_CLASS = YES_ERROR;
				CLANG_WARN_RANGE_LOOP_ANALYSIS = YES;
				CLANG_WARN_STRICT_PROTOTYPES = YES;
				CLANG_WARN_SUSPICIOUS_MOVE = YES;
				CLANG_WARN_UNGUARDED_AVAILABILITY = YES_AGGRESSIVE;
				CLANG_WARN_UNREACHABLE_CODE = YES;
				CLANG_WARN__DUPLICATE_METHOD_MATCH = YES;
				CODE_SIGN_IDENTITY = "iPhone Developer";
				COPY_PHASE_STRIP = NO;
				DEBUG_INFORMATION_FORMAT = dwarf;
				ENABLE_STRICT_OBJC_MSGSEND = YES;
				ENABLE_TESTABILITY = YES;
				GCC_C_LANGUAGE_STANDARD = gnu11;
				GCC_DYNAMIC_NO_PIC = NO;
				GCC_NO_COMMON_BLOCKS = YES;
				GCC_OPTIMIZATION_LEVEL = 0;
				GCC_PREPROCESSOR_DEFINITIONS = (
					"DEBUG=1",
					"$(inherited)",
				);
				GCC_WARN_64_TO_32_BIT_CONVERSION = YES;
				GCC_WARN_ABOUT_RETURN_TYPE = YES_ERROR;
				GCC_WARN_UNDECLARED_SELECTOR = YES;
				GCC_WARN_UNINITIALIZED_AUTOS = YES_AGGRESSIVE;
				GCC_WARN_UNUSED_FUNCTION = YES;
				GCC_WARN_UNUSED_VARIABLE = YES;
				IPHONEOS_DEPLOYMENT_TARGET = 11.4;
				MTL_ENABLE_DEBUG_INFO = YES;
				ONLY_ACTIVE_ARCH = YES;
				SDKROOT = iphoneos;
				SWIFT_ACTIVE_COMPILATION_CONDITIONS = DEBUG;
				SWIFT_OPTIMIZATION_LEVEL = "-Onone";
			};
			name = Debug;
		};
		611371C3210742FC004AAE7A /* Release */ = {
			isa = XCBuildConfiguration;
			buildSettings = {
				ALWAYS_SEARCH_USER_PATHS = NO;
				CLANG_ANALYZER_NONNULL = YES;
				CLANG_ANALYZER_NUMBER_OBJECT_CONVERSION = YES_AGGRESSIVE;
				CLANG_CXX_LANGUAGE_STANDARD = "gnu++14";
				CLANG_CXX_LIBRARY = "libc++";
				CLANG_ENABLE_MODULES = YES;
				CLANG_ENABLE_OBJC_ARC = YES;
				CLANG_ENABLE_OBJC_WEAK = YES;
				CLANG_WARN_BLOCK_CAPTURE_AUTORELEASING = YES;
				CLANG_WARN_BOOL_CONVERSION = YES;
				CLANG_WARN_COMMA = YES;
				CLANG_WARN_CONSTANT_CONVERSION = YES;
				CLANG_WARN_DEPRECATED_OBJC_IMPLEMENTATIONS = YES;
				CLANG_WARN_DIRECT_OBJC_ISA_USAGE = YES_ERROR;
				CLANG_WARN_DOCUMENTATION_COMMENTS = YES;
				CLANG_WARN_EMPTY_BODY = YES;
				CLANG_WARN_ENUM_CONVERSION = YES;
				CLANG_WARN_INFINITE_RECURSION = YES;
				CLANG_WARN_INT_CONVERSION = YES;
				CLANG_WARN_NON_LITERAL_NULL_CONVERSION = YES;
				CLANG_WARN_OBJC_IMPLICIT_RETAIN_SELF = YES;
				CLANG_WARN_OBJC_LITERAL_CONVERSION = YES;
				CLANG_WARN_OBJC_ROOT_CLASS = YES_ERROR;
				CLANG_WARN_RANGE_LOOP_ANALYSIS = YES;
				CLANG_WARN_STRICT_PROTOTYPES = YES;
				CLANG_WARN_SUSPICIOUS_MOVE = YES;
				CLANG_WARN_UNGUARDED_AVAILABILITY = YES_AGGRESSIVE;
				CLANG_WARN_UNREACHABLE_CODE = YES;
				CLANG_WARN__DUPLICATE_METHOD_MATCH = YES;
				CODE_SIGN_IDENTITY = "iPhone Developer";
				COPY_PHASE_STRIP = NO;
				DEBUG_INFORMATION_FORMAT = "dwarf-with-dsym";
				ENABLE_NS_ASSERTIONS = NO;
				ENABLE_STRICT_OBJC_MSGSEND = YES;
				GCC_C_LANGUAGE_STANDARD = gnu11;
				GCC_NO_COMMON_BLOCKS = YES;
				GCC_WARN_64_TO_32_BIT_CONVERSION = YES;
				GCC_WARN_ABOUT_RETURN_TYPE = YES_ERROR;
				GCC_WARN_UNDECLARED_SELECTOR = YES;
				GCC_WARN_UNINITIALIZED_AUTOS = YES_AGGRESSIVE;
				GCC_WARN_UNUSED_FUNCTION = YES;
				GCC_WARN_UNUSED_VARIABLE = YES;
				IPHONEOS_DEPLOYMENT_TARGET = 11.4;
				MTL_ENABLE_DEBUG_INFO = NO;
				SDKROOT = iphoneos;
				SWIFT_COMPILATION_MODE = wholemodule;
				SWIFT_OPTIMIZATION_LEVEL = "-O";
				VALIDATE_PRODUCT = YES;
			};
			name = Release;
		};
		611371C5210742FC004AAE7A /* Debug */ = {
			isa = XCBuildConfiguration;
			buildSettings = {
				ASSETCATALOG_COMPILER_APPICON_NAME = AppIcon;
				CODE_SIGN_STYLE = Automatic;
				DEVELOPMENT_TEAM = MDY37P88QY;
				INFOPLIST_FILE = CitiesOfTheWorld/Info.plist;
				LD_RUNPATH_SEARCH_PATHS = (
					"$(inherited)",
					"@executable_path/Frameworks",
				);
				PRODUCT_BUNDLE_IDENTIFIER = com.ortsinton.CitiesOfTheWorld;
				PRODUCT_NAME = "$(TARGET_NAME)";
				SWIFT_VERSION = 4.0;
				TARGETED_DEVICE_FAMILY = "1,2";
			};
			name = Debug;
		};
		611371C6210742FC004AAE7A /* Release */ = {
			isa = XCBuildConfiguration;
			buildSettings = {
				ASSETCATALOG_COMPILER_APPICON_NAME = AppIcon;
				CODE_SIGN_STYLE = Automatic;
				DEVELOPMENT_TEAM = MDY37P88QY;
				INFOPLIST_FILE = CitiesOfTheWorld/Info.plist;
				LD_RUNPATH_SEARCH_PATHS = (
					"$(inherited)",
					"@executable_path/Frameworks",
				);
				PRODUCT_BUNDLE_IDENTIFIER = com.ortsinton.CitiesOfTheWorld;
				PRODUCT_NAME = "$(TARGET_NAME)";
				SWIFT_VERSION = 4.0;
				TARGETED_DEVICE_FAMILY = "1,2";
			};
			name = Release;
		};
/* End XCBuildConfiguration section */

/* Begin XCConfigurationList section */
		611371AA210742FA004AAE7A /* Build configuration list for PBXProject "CitiesOfTheWorld" */ = {
			isa = XCConfigurationList;
			buildConfigurations = (
				611371C2210742FC004AAE7A /* Debug */,
				611371C3210742FC004AAE7A /* Release */,
			);
			defaultConfigurationIsVisible = 0;
			defaultConfigurationName = Release;
		};
		611371C4210742FC004AAE7A /* Build configuration list for PBXNativeTarget "CitiesOfTheWorld" */ = {
			isa = XCConfigurationList;
			buildConfigurations = (
				611371C5210742FC004AAE7A /* Debug */,
				611371C6210742FC004AAE7A /* Release */,
			);
			defaultConfigurationIsVisible = 0;
			defaultConfigurationName = Release;
		};
/* End XCConfigurationList section */

/* Begin XCVersionGroup section */
		611371B9210742FA004AAE7A /* CitiesOfTheWorld.xcdatamodeld */ = {
			isa = XCVersionGroup;
			children = (
				611371BA210742FA004AAE7A /* CitiesOfTheWorld.xcdatamodel */,
			);
			currentVersion = 611371BA210742FA004AAE7A /* CitiesOfTheWorld.xcdatamodel */;
			path = CitiesOfTheWorld.xcdatamodeld;
			sourceTree = "<group>";
			versionGroupType = wrapper.xcdatamodel;
		};
/* End XCVersionGroup section */
	};
	rootObject = 611371A7210742FA004AAE7A /* Project object */;
}
